{
  "name": "slidev-theme-calendar",
  "version": "0.21.3",
  "lockfileVersion": 3,
  "requires": true,
  "packages": {
    "": {
      "name": "slidev-theme-calendar",
      "version": "0.21.3",
      "license": "MIT",
      "dependencies": {
        "@slidev/types": "^0.22.7",
        "codemirror-theme-vars": "^0.1.1",
        "markdown-it-emoji": "^3.0.0",
        "prism-theme-vars": "^0.2.2",
        "theme-vitesse": "^0.1.12"
      },
      "engines": {
        "node": ">=14.0.0",
        "slidev": ">=0.19.3"
      },
      "funding": {
        "url": "https://github.com/sponsors/antfu"
      }
    },
    "node_modules/@slidev/types": {
      "version": "0.22.7",
      "resolved": "https://registry.npmmirror.com/@slidev/types/-/types-0.22.7.tgz",
      "integrity": "sha512-mCVKQbcGTv6d6n9aHpYNp5U04HF+FMbpY083vqpJ6Folc805BB1Am02eubaW0J6nM+dSOu2dDgPY+kIjs75sAQ==",
      "license": "MIT",
      "engines": {
        "node": ">=14.0.0"
      },
      "funding": {
        "url": "https://github.com/sponsors/antfu"
      }
    },
    "node_modules/codemirror-theme-vars": {
      "version": "0.1.2",
      "resolved": "https://registry.npmmirror.com/codemirror-theme-vars/-/codemirror-theme-vars-0.1.2.tgz",
      "integrity": "sha512-WTau8X2q58b0SOAY9DO+iQVw8JKVEgyQIqArp2D732tcc+pobbMta3bnVMdQdmgwuvNrOFFr6HoxPRoQOgooFA==",
      "license": "MIT",
      "funding": {
        "url": "https://github.com/sponsors/antfu"
      }
    },
    "node_modules/markdown-it-emoji": {
      "version": "3.0.0",
      "resolved": "https://registry.npmmirror.com/markdown-it-emoji/-/markdown-it-emoji-3.0.0.tgz",
      "integrity": "sha512-+rUD93bXHubA4arpEZO3q80so0qgoFJEKRkRbjKX8RTdca89v2kfyF+xR3i2sQTwql9tpPZPOQN5B+PunspXRg==",
      "license": "MIT"
    },
    "node_modules/prism-theme-vars": {
      "version": "0.2.5",
      "resolved": "https://registry.npmmirror.com/prism-theme-vars/-/prism-theme-vars-0.2.5.tgz",
      "integrity": "sha512-/D8gBTScYzi9afwE6v3TC1U/1YFZ6k+ly17mtVRdLpGy7E79YjJJWkXFgUDHJ2gDksV/ZnXF7ydJ4TvoDm2z/Q==",
      "license": "MIT",
      "funding": {
        "url": "https://github.com/sponsors/antfu"
      }
    },
    "node_modules/theme-vitesse": {
      "version": "0.1.14",
      "resolved": "https://registry.npmmirror.com/theme-vitesse/-/theme-vitesse-0.1.14.tgz",
      "integrity": "sha512-b5s+Zpfaw5+djoCJ9AEbcTbpiTlLsOvGM9oblDmmWRGWNqg9oXtEYO/uwubwx77novHBI6zNuwZRHKNlAIBo4A==",
      "license": "MIT",
      "engines": {
        "vscode": "^1.43.0"
      }
    }
  }
}
