{
  "name": "@slidev/theme-landscape-jade",
  "version": "0.21.3",
  "lockfileVersion": 3,
  "requires": true,
  "packages": {
    "": {
      "name": "@slidev/theme-landscape-jade",
      "version": "0.21.3",
      "license": "MIT",
      "dependencies": {
        "animate.css": "^4.1.1"
      },
      "engines": {
        "node": ">=14.0.0",
        "slidev": ">=0.19.3"
      }
    },
    "node_modules/animate.css": {
      "version": "4.1.1",
      "resolved": "https://registry.npmmirror.com/animate.css/-/animate.css-4.1.1.tgz",
      "integrity": "sha512-+mRmCTv6SbCmtYJCN4faJMNFVNN5EuCTTprDTAo7YzIGji2KADmakjVA3+8mVDkZ2Bf09vayB35lSQIex2+QaQ==",
      "license": "MIT"
    }
  }
}
