lockfileVersion: '9.0'

settings:
  autoInstallPeers: true
  excludeLinksFromLockfile: false

importers:

  .:
    dependencies:
      '@slidev/types':
        specifier: ^0.22.7
        version: 0.22.7
      codemirror-theme-vars:
        specifier: ^0.1.1
        version: 0.1.2
      prism-theme-vars:
        specifier: ^0.2.2
        version: 0.2.5
      theme-vitesse:
        specifier: ^0.1.12
        version: 0.1.14

packages:

  '@slidev/types@0.22.7':
    resolution: {integrity: sha512-mCVKQbcGTv6d6n9aHpYNp5U04HF+FMbpY083vqpJ6Folc805BB1Am02eubaW0J6nM+dSOu2dDgPY+kIjs75sAQ==}
    engines: {node: '>=14.0.0'}

  codemirror-theme-vars@0.1.2:
    resolution: {integrity: sha512-WTau8X2q58b0SOAY9DO+iQVw8JKVEgyQIqArp2D732tcc+pobbMta3bnVMdQdmgwuvNrOFFr6HoxPRoQOgooFA==}

  prism-theme-vars@0.2.5:
    resolution: {integrity: sha512-/D8gBTScYzi9afwE6v3TC1U/1YFZ6k+ly17mtVRdLpGy7E79YjJJWkXFgUDHJ2gDksV/ZnXF7ydJ4TvoDm2z/Q==}

  theme-vitesse@0.1.14:
    resolution: {integrity: sha512-b5s+Zpfaw5+djoCJ9AEbcTbpiTlLsOvGM9oblDmmWRGWNqg9oXtEYO/uwubwx77novHBI6zNuwZRHKNlAIBo4A==}
    engines: {vscode: ^1.43.0}

snapshots:

  '@slidev/types@0.22.7': {}

  codemirror-theme-vars@0.1.2: {}

  prism-theme-vars@0.2.5: {}

  theme-vitesse@0.1.14: {}
